// !$*UTF8*$!
{
	archiveVersion = 1;
	classes = {
	};
	objectVersion = 56;
	objects = {

/* Begin PBXBuildFile section */
		9C97E24D2CA8652000BA4306 /* Rating.swift in Sources */ = {isa = PBXBuildFile; fileRef = 9C97E24C2CA8652000BA4306 /* Rating.swift */; };
		9C97E2502CA9760600BA4306 /* Model.swift in Sources */ = {isa = PBXBuildFile; fileRef = 9C97E24F2CA9760600BA4306 /* Model.swift */; };
		9C97E2532CA9819500BA4306 /* URL+Extensions.swift in Sources */ = {isa = PBXBuildFile; fileRef = 9C97E2522CA9819500BA4306 /* URL+Extensions.swift */; };
		9C97E2552CA983CE00BA4306 /* MovieViewModel.swift in Sources */ = {isa = PBXBuildFile; fileRef = 9C97E2542CA983CE00BA4306 /* MovieViewModel.swift */; };
		9C97E2572CA9862700BA4306 /* MovieListScreen.swift in Sources */ = {isa = PBXBuildFile; fileRef = 9C97E2562CA9862700BA4306 /* MovieListScreen.swift */; };
		9C97E2592CA986F900BA4306 /* MovieListView.swift in Sources */ = {isa = PBXBuildFile; fileRef = 9C97E2582CA986F900BA4306 /* MovieListView.swift */; };
		9C97E25B2CA989EB00BA4306 /* View+Extensions.swift in Sources */ = {isa = PBXBuildFile; fileRef = 9C97E25A2CA989EB00BA4306 /* View+Extensions.swift */; };
		9CCA153A2CA7B9DA00BC12ED /* MovieAppApp.swift in Sources */ = {isa = PBXBuildFile; fileRef = 9CCA15392CA7B9DA00BC12ED /* MovieAppApp.swift */; };
		9CCA153C2CA7B9DA00BC12ED /* ContentView.swift in Sources */ = {isa = PBXBuildFile; fileRef = 9CCA153B2CA7B9DA00BC12ED /* ContentView.swift */; };
		9CCA153E2CA7B9DC00BC12ED /* Assets.xcassets in Resources */ = {isa = PBXBuildFile; fileRef = 9CCA153D2CA7B9DC00BC12ED /* Assets.xcassets */; };
		9CCA15412CA7B9DC00BC12ED /* Preview Assets.xcassets in Resources */ = {isa = PBXBuildFile; fileRef = 9CCA15402CA7B9DC00BC12ED /* Preview Assets.xcassets */; };
		9CCA154B2CA7B9DC00BC12ED /* MovieAppTests.swift in Sources */ = {isa = PBXBuildFile; fileRef = 9CCA154A2CA7B9DC00BC12ED /* MovieAppTests.swift */; };
		9CCA15552CA7B9DC00BC12ED /* MovieAppUITests.swift in Sources */ = {isa = PBXBuildFile; fileRef = 9CCA15542CA7B9DC00BC12ED /* MovieAppUITests.swift */; };
		9CCA15572CA7B9DC00BC12ED /* MovieAppUITestsLaunchTests.swift in Sources */ = {isa = PBXBuildFile; fileRef = 9CCA15562CA7B9DC00BC12ED /* MovieAppUITestsLaunchTests.swift */; };
		9CCA15652CA7BAAD00BC12ED /* Constants.swift in Sources */ = {isa = PBXBuildFile; fileRef = 9CCA15642CA7BAAD00BC12ED /* Constants.swift */; };
		9CCA15682CA7BAF900BC12ED /* HTTPClient.swift in Sources */ = {isa = PBXBuildFile; fileRef = 9CCA15672CA7BAF900BC12ED /* HTTPClient.swift */; };
		9CCA15702CA8600800BC12ED /* ImageLoader.swift in Sources */ = {isa = PBXBuildFile; fileRef = 9CCA156F2CA8600800BC12ED /* ImageLoader.swift */; };
		9CCA15722CA8616400BC12ED /* URLImage.swift in Sources */ = {isa = PBXBuildFile; fileRef = 9CCA15712CA8616400BC12ED /* URLImage.swift */; };
		9CD7DA272CAD3ECE0077719B /* String+Extensions.swift in Sources */ = {isa = PBXBuildFile; fileRef = 9CD7DA262CAD3ECE0077719B /* String+Extensions.swift */; };
		9CD7DA292CAD6C210077719B /* FailedView.swift in Sources */ = {isa = PBXBuildFile; fileRef = 9CD7DA282CAD6C210077719B /* FailedView.swift */; };
		9CD7DA2B2CAD6F1C0077719B /* ViewModelBase.swift in Sources */ = {isa = PBXBuildFile; fileRef = 9CD7DA2A2CAD6F1C0077719B /* ViewModelBase.swift */; };
		9CD7DA2D2CAD72A60077719B /* LodingView.swift in Sources */ = {isa = PBXBuildFile; fileRef = 9CD7DA2C2CAD72A60077719B /* LodingView.swift */; };
		9CD7DA2F2CAF0B120077719B /* MovieDetail.swift in Sources */ = {isa = PBXBuildFile; fileRef = 9CD7DA2E2CAF0B120077719B /* MovieDetail.swift */; };
		9CD7DA312CAF10020077719B /* MovieDetailViewModel.swift in Sources */ = {isa = PBXBuildFile; fileRef = 9CD7DA302CAF10020077719B /* MovieDetailViewModel.swift */; };
		9CD7DA332CAF15280077719B /* MovieDetailScreen.swift in Sources */ = {isa = PBXBuildFile; fileRef = 9CD7DA322CAF15280077719B /* MovieDetailScreen.swift */; };
		9CD7DA352CAF16520077719B /* MovieDetailView.swift in Sources */ = {isa = PBXBuildFile; fileRef = 9CD7DA342CAF16520077719B /* MovieDetailView.swift */; };
/* End PBXBuildFile section */

/* Begin PBXContainerItemProxy section */
		9CCA15472CA7B9DC00BC12ED /* PBXContainerItemProxy */ = {
			isa = PBXContainerItemProxy;
			containerPortal = 9CCA152E2CA7B9DA00BC12ED /* Project object */;
			proxyType = 1;
			remoteGlobalIDString = 9CCA15352CA7B9DA00BC12ED;
			remoteInfo = MovieApp;
		};
		9CCA15512CA7B9DC00BC12ED /* PBXContainerItemProxy */ = {
			isa = PBXContainerItemProxy;
			containerPortal = 9CCA152E2CA7B9DA00BC12ED /* Project object */;
			proxyType = 1;
			remoteGlobalIDString = 9CCA15352CA7B9DA00BC12ED;
			remoteInfo = MovieApp;
		};
/* End PBXContainerItemProxy section */

/* Begin PBXFileReference section */
		9C97E24C2CA8652000BA4306 /* Rating.swift */ = {isa = PBXFileReference; lastKnownFileType = sourcecode.swift; path = Rating.swift; sourceTree = "<group>"; };
		9C97E24F2CA9760600BA4306 /* Model.swift */ = {isa = PBXFileReference; lastKnownFileType = sourcecode.swift; path = Model.swift; sourceTree = "<group>"; };
		9C97E2512CA9806700BA4306 /* Info.plist */ = {isa = PBXFileReference; lastKnownFileType = text.plist; path = Info.plist; sourceTree = "<group>"; };
		9C97E2522CA9819500BA4306 /* URL+Extensions.swift */ = {isa = PBXFileReference; lastKnownFileType = sourcecode.swift; path = "URL+Extensions.swift"; sourceTree = "<group>"; };
		9C97E2542CA983CE00BA4306 /* MovieViewModel.swift */ = {isa = PBXFileReference; lastKnownFileType = sourcecode.swift; path = MovieViewModel.swift; sourceTree = "<group>"; };
		9C97E2562CA9862700BA4306 /* MovieListScreen.swift */ = {isa = PBXFileReference; lastKnownFileType = sourcecode.swift; path = MovieListScreen.swift; sourceTree = "<group>"; };
		9C97E2582CA986F900BA4306 /* MovieListView.swift */ = {isa = PBXFileReference; lastKnownFileType = sourcecode.swift; path = MovieListView.swift; sourceTree = "<group>"; };
		9C97E25A2CA989EB00BA4306 /* View+Extensions.swift */ = {isa = PBXFileReference; lastKnownFileType = sourcecode.swift; path = "View+Extensions.swift"; sourceTree = "<group>"; };
		9CCA15362CA7B9DA00BC12ED /* MovieApp.app */ = {isa = PBXFileReference; explicitFileType = wrapper.application; includeInIndex = 0; path = MovieApp.app; sourceTree = BUILT_PRODUCTS_DIR; };
		9CCA15392CA7B9DA00BC12ED /* MovieAppApp.swift */ = {isa = PBXFileReference; lastKnownFileType = sourcecode.swift; path = MovieAppApp.swift; sourceTree = "<group>"; };
		9CCA153B2CA7B9DA00BC12ED /* ContentView.swift */ = {isa = PBXFileReference; lastKnownFileType = sourcecode.swift; path = ContentView.swift; sourceTree = "<group>"; };
		9CCA153D2CA7B9DC00BC12ED /* Assets.xcassets */ = {isa = PBXFileReference; lastKnownFileType = folder.assetcatalog; path = Assets.xcassets; sourceTree = "<group>"; };
		9CCA15402CA7B9DC00BC12ED /* Preview Assets.xcassets */ = {isa = PBXFileReference; lastKnownFileType = folder.assetcatalog; path = "Preview Assets.xcassets"; sourceTree = "<group>"; };
		9CCA15462CA7B9DC00BC12ED /* MovieAppTests.xctest */ = {isa = PBXFileReference; explicitFileType = wrapper.cfbundle; includeInIndex = 0; path = MovieAppTests.xctest; sourceTree = BUILT_PRODUCTS_DIR; };
		9CCA154A2CA7B9DC00BC12ED /* MovieAppTests.swift */ = {isa = PBXFileReference; lastKnownFileType = sourcecode.swift; path = MovieAppTests.swift; sourceTree = "<group>"; };
		9CCA15502CA7B9DC00BC12ED /* MovieAppUITests.xctest */ = {isa = PBXFileReference; explicitFileType = wrapper.cfbundle; includeInIndex = 0; path = MovieAppUITests.xctest; sourceTree = BUILT_PRODUCTS_DIR; };
		9CCA15542CA7B9DC00BC12ED /* MovieAppUITests.swift */ = {isa = PBXFileReference; lastKnownFileType = sourcecode.swift; path = MovieAppUITests.swift; sourceTree = "<group>"; };
		9CCA15562CA7B9DC00BC12ED /* MovieAppUITestsLaunchTests.swift */ = {isa = PBXFileReference; lastKnownFileType = sourcecode.swift; path = MovieAppUITestsLaunchTests.swift; sourceTree = "<group>"; };
		9CCA15642CA7BAAD00BC12ED /* Constants.swift */ = {isa = PBXFileReference; lastKnownFileType = sourcecode.swift; path = Constants.swift; sourceTree = "<group>"; };
		9CCA15672CA7BAF900BC12ED /* HTTPClient.swift */ = {isa = PBXFileReference; lastKnownFileType = sourcecode.swift; path = HTTPClient.swift; sourceTree = "<group>"; };
		9CCA156F2CA8600800BC12ED /* ImageLoader.swift */ = {isa = PBXFileReference; lastKnownFileType = sourcecode.swift; path = ImageLoader.swift; sourceTree = "<group>"; };
		9CCA15712CA8616400BC12ED /* URLImage.swift */ = {isa = PBXFileReference; lastKnownFileType = sourcecode.swift; path = URLImage.swift; sourceTree = "<group>"; };
		9CD7DA262CAD3ECE0077719B /* String+Extensions.swift */ = {isa = PBXFileReference; lastKnownFileType = sourcecode.swift; path = "String+Extensions.swift"; sourceTree = "<group>"; };
		9CD7DA282CAD6C210077719B /* FailedView.swift */ = {isa = PBXFileReference; lastKnownFileType = sourcecode.swift; path = FailedView.swift; sourceTree = "<group>"; };
		9CD7DA2A2CAD6F1C0077719B /* ViewModelBase.swift */ = {isa = PBXFileReference; lastKnownFileType = sourcecode.swift; path = ViewModelBase.swift; sourceTree = "<group>"; };
		9CD7DA2C2CAD72A60077719B /* LodingView.swift */ = {isa = PBXFileReference; lastKnownFileType = sourcecode.swift; path = LodingView.swift; sourceTree = "<group>"; };
		9CD7DA2E2CAF0B120077719B /* MovieDetail.swift */ = {isa = PBXFileReference; lastKnownFileType = sourcecode.swift; path = MovieDetail.swift; sourceTree = "<group>"; };
		9CD7DA302CAF10020077719B /* MovieDetailViewModel.swift */ = {isa = PBXFileReference; lastKnownFileType = sourcecode.swift; path = MovieDetailViewModel.swift; sourceTree = "<group>"; };
		9CD7DA322CAF15280077719B /* MovieDetailScreen.swift */ = {isa = PBXFileReference; lastKnownFileType = sourcecode.swift; path = MovieDetailScreen.swift; sourceTree = "<group>"; };
		9CD7DA342CAF16520077719B /* MovieDetailView.swift */ = {isa = PBXFileReference; lastKnownFileType = sourcecode.swift; path = MovieDetailView.swift; sourceTree = "<group>"; };
/* End PBXFileReference section */

/* Begin PBXFrameworksBuildPhase section */
		9CCA15332CA7B9DA00BC12ED /* Frameworks */ = {
			isa = PBXFrameworksBuildPhase;
			buildActionMask = 2147483647;
			files = (
			);
			runOnlyForDeploymentPostprocessing = 0;
		};
		9CCA15432CA7B9DC00BC12ED /* Frameworks */ = {
			isa = PBXFrameworksBuildPhase;
			buildActionMask = 2147483647;
			files = (
			);
			runOnlyForDeploymentPostprocessing = 0;
		};
		9CCA154D2CA7B9DC00BC12ED /* Frameworks */ = {
			isa = PBXFrameworksBuildPhase;
			buildActionMask = 2147483647;
			files = (
			);
			runOnlyForDeploymentPostprocessing = 0;
		};
/* End PBXFrameworksBuildPhase section */

/* Begin PBXGroup section */
		9C97E24E2CA975EB00BA4306 /* Models */ = {
			isa = PBXGroup;
			children = (
				9C97E24F2CA9760600BA4306 /* Model.swift */,
				9CD7DA2E2CAF0B120077719B /* MovieDetail.swift */,
			);
			path = Models;
			sourceTree = "<group>";
		};
		9CCA152D2CA7B9DA00BC12ED = {
			isa = PBXGroup;
			children = (
				9CCA15382CA7B9DA00BC12ED /* MovieApp */,
				9CCA15492CA7B9DC00BC12ED /* MovieAppTests */,
				9CCA15532CA7B9DC00BC12ED /* MovieAppUITests */,
				9CCA15372CA7B9DA00BC12ED /* Products */,
			);
			sourceTree = "<group>";
		};
		9CCA15372CA7B9DA00BC12ED /* Products */ = {
			isa = PBXGroup;
			children = (
				9CCA15362CA7B9DA00BC12ED /* MovieApp.app */,
				9CCA15462CA7B9DC00BC12ED /* MovieAppTests.xctest */,
				9CCA15502CA7B9DC00BC12ED /* MovieAppUITests.xctest */,
			);
			name = Products;
			sourceTree = "<group>";
		};
		9CCA15382CA7B9DA00BC12ED /* MovieApp */ = {
			isa = PBXGroup;
			children = (
				9C97E2512CA9806700BA4306 /* Info.plist */,
				9CCA156E2CA85FC200BC12ED /* Extensions */,
				9CCA156D2CA85FB700BC12ED /* Views */,
				9CCA156C2CA85FAE00BC12ED /* Screens */,
				9C97E24E2CA975EB00BA4306 /* Models */,
				9CCA156B2CA85FA600BC12ED /* Controls */,
				9CCA156A2CA85F9E00BC12ED /* Loaders */,
				9CCA15692CA85F8E00BC12ED /* ViewModels */,
				9CCA15662CA7BAB800BC12ED /* HTTPClient */,
				9CCA15632CA7BA6300BC12ED /* Utils */,
				9CCA15392CA7B9DA00BC12ED /* MovieAppApp.swift */,
				9CCA153B2CA7B9DA00BC12ED /* ContentView.swift */,
				9CCA153D2CA7B9DC00BC12ED /* Assets.xcassets */,
				9CCA153F2CA7B9DC00BC12ED /* Preview Content */,
			);
			path = MovieApp;
			sourceTree = "<group>";
		};
		9CCA153F2CA7B9DC00BC12ED /* Preview Content */ = {
			isa = PBXGroup;
			children = (
				9CCA15402CA7B9DC00BC12ED /* Preview Assets.xcassets */,
			);
			path = "Preview Content";
			sourceTree = "<group>";
		};
		9CCA15492CA7B9DC00BC12ED /* MovieAppTests */ = {
			isa = PBXGroup;
			children = (
				9CCA154A2CA7B9DC00BC12ED /* MovieAppTests.swift */,
			);
			path = MovieAppTests;
			sourceTree = "<group>";
		};
		9CCA15532CA7B9DC00BC12ED /* MovieAppUITests */ = {
			isa = PBXGroup;
			children = (
				9CCA15542CA7B9DC00BC12ED /* MovieAppUITests.swift */,
				9CCA15562CA7B9DC00BC12ED /* MovieAppUITestsLaunchTests.swift */,
			);
			path = MovieAppUITests;
			sourceTree = "<group>";
		};
		9CCA15632CA7BA6300BC12ED /* Utils */ = {
			isa = PBXGroup;
			children = (
				9CCA15642CA7BAAD00BC12ED /* Constants.swift */,
			);
			path = Utils;
			sourceTree = "<group>";
		};
		9CCA15662CA7BAB800BC12ED /* HTTPClient */ = {
			isa = PBXGroup;
			children = (
				9CCA15672CA7BAF900BC12ED /* HTTPClient.swift */,
			);
			path = HTTPClient;
			sourceTree = "<group>";
		};
		9CCA15692CA85F8E00BC12ED /* ViewModels */ = {
			isa = PBXGroup;
			children = (
				9CD7DA2A2CAD6F1C0077719B /* ViewModelBase.swift */,
				9C97E2542CA983CE00BA4306 /* MovieViewModel.swift */,
				9CD7DA302CAF10020077719B /* MovieDetailViewModel.swift */,
			);
			path = ViewModels;
			sourceTree = "<group>";
		};
		9CCA156A2CA85F9E00BC12ED /* Loaders */ = {
			isa = PBXGroup;
			children = (
				9CCA156F2CA8600800BC12ED /* ImageLoader.swift */,
			);
			path = Loaders;
			sourceTree = "<group>";
		};
		9CCA156B2CA85FA600BC12ED /* Controls */ = {
			isa = PBXGroup;
			children = (
				9CCA15712CA8616400BC12ED /* URLImage.swift */,
				9C97E24C2CA8652000BA4306 /* Rating.swift */,
			);
			path = Controls;
			sourceTree = "<group>";
		};
		9CCA156C2CA85FAE00BC12ED /* Screens */ = {
			isa = PBXGroup;
			children = (
				9C97E2562CA9862700BA4306 /* MovieListScreen.swift */,
				9CD7DA322CAF15280077719B /* MovieDetailScreen.swift */,
			);
			path = Screens;
			sourceTree = "<group>";
		};
		9CCA156D2CA85FB700BC12ED /* Views */ = {
			isa = PBXGroup;
			children = (
				9C97E2582CA986F900BA4306 /* MovieListView.swift */,
				9CD7DA282CAD6C210077719B /* FailedView.swift */,
				9CD7DA2C2CAD72A60077719B /* LodingView.swift */,
				9CD7DA342CAF16520077719B /* MovieDetailView.swift */,
			);
			path = Views;
			sourceTree = "<group>";
		};
		9CCA156E2CA85FC200BC12ED /* Extensions */ = {
			isa = PBXGroup;
			children = (
				9C97E2522CA9819500BA4306 /* URL+Extensions.swift */,
				9C97E25A2CA989EB00BA4306 /* View+Extensions.swift */,
				9CD7DA262CAD3ECE0077719B /* String+Extensions.swift */,
			);
			path = Extensions;
			sourceTree = "<group>";
		};
/* End PBXGroup section */

/* Begin PBXNativeTarget section */
		9CCA15352CA7B9DA00BC12ED /* MovieApp */ = {
			isa = PBXNativeTarget;
			buildConfigurationList = 9CCA155A2CA7B9DC00BC12ED /* Build configuration list for PBXNativeTarget "MovieApp" */;
			buildPhases = (
				9CCA15322CA7B9DA00BC12ED /* Sources */,
				9CCA15332CA7B9DA00BC12ED /* Frameworks */,
				9CCA15342CA7B9DA00BC12ED /* Resources */,
			);
			buildRules = (
			);
			dependencies = (
			);
			name = MovieApp;
			productName = MovieApp;
			productReference = 9CCA15362CA7B9DA00BC12ED /* MovieApp.app */;
			productType = "com.apple.product-type.application";
		};
		9CCA15452CA7B9DC00BC12ED /* MovieAppTests */ = {
			isa = PBXNativeTarget;
			buildConfigurationList = 9CCA155D2CA7B9DC00BC12ED /* Build configuration list for PBXNativeTarget "MovieAppTests" */;
			buildPhases = (
				9CCA15422CA7B9DC00BC12ED /* Sources */,
				9CCA15432CA7B9DC00BC12ED /* Frameworks */,
				9CCA15442CA7B9DC00BC12ED /* Resources */,
			);
			buildRules = (
			);
			dependencies = (
				9CCA15482CA7B9DC00BC12ED /* PBXTargetDependency */,
			);
			name = MovieAppTests;
			productName = MovieAppTests;
			productReference = 9CCA15462CA7B9DC00BC12ED /* MovieAppTests.xctest */;
			productType = "com.apple.product-type.bundle.unit-test";
		};
		9CCA154F2CA7B9DC00BC12ED /* MovieAppUITests */ = {
			isa = PBXNativeTarget;
			buildConfigurationList = 9CCA15602CA7B9DC00BC12ED /* Build configuration list for PBXNativeTarget "MovieAppUITests" */;
			buildPhases = (
				9CCA154C2CA7B9DC00BC12ED /* Sources */,
				9CCA154D2CA7B9DC00BC12ED /* Frameworks */,
				9CCA154E2CA7B9DC00BC12ED /* Resources */,
			);
			buildRules = (
			);
			dependencies = (
				9CCA15522CA7B9DC00BC12ED /* PBXTargetDependency */,
			);
			name = MovieAppUITests;
			productName = MovieAppUITests;
			productReference = 9CCA15502CA7B9DC00BC12ED /* MovieAppUITests.xctest */;
			productType = "com.apple.product-type.bundle.ui-testing";
		};
/* End PBXNativeTarget section */

/* Begin PBXProject section */
		9CCA152E2CA7B9DA00BC12ED /* Project object */ = {
			isa = PBXProject;
			attributes = {
				BuildIndependentTargetsInParallel = 1;
				LastSwiftUpdateCheck = 1410;
				LastUpgradeCheck = 1410;
				TargetAttributes = {
					9CCA15352CA7B9DA00BC12ED = {
						CreatedOnToolsVersion = 14.1;
					};
					9CCA15452CA7B9DC00BC12ED = {
						CreatedOnToolsVersion = 14.1;
						TestTargetID = 9CCA15352CA7B9DA00BC12ED;
					};
					9CCA154F2CA7B9DC00BC12ED = {
						CreatedOnToolsVersion = 14.1;
						TestTargetID = 9CCA15352CA7B9DA00BC12ED;
					};
				};
			};
			buildConfigurationList = 9CCA15312CA7B9DA00BC12ED /* Build configuration list for PBXProject "MovieApp" */;
			compatibilityVersion = "Xcode 14.0";
			developmentRegion = en;
			hasScannedForEncodings = 0;
			knownRegions = (
				en,
				Base,
			);
			mainGroup = 9CCA152D2CA7B9DA00BC12ED;
			productRefGroup = 9CCA15372CA7B9DA00BC12ED /* Products */;
			projectDirPath = "";
			projectRoot = "";
			targets = (
				9CCA15352CA7B9DA00BC12ED /* MovieApp */,
				9CCA15452CA7B9DC00BC12ED /* MovieAppTests */,
				9CCA154F2CA7B9DC00BC12ED /* MovieAppUITests */,
			);
		};
/* End PBXProject section */

/* Begin PBXResourcesBuildPhase section */
		9CCA15342CA7B9DA00BC12ED /* Resources */ = {
			isa = PBXResourcesBuildPhase;
			buildActionMask = 2147483647;
			files = (
				9CCA15412CA7B9DC00BC12ED /* Preview Assets.xcassets in Resources */,
				9CCA153E2CA7B9DC00BC12ED /* Assets.xcassets in Resources */,
			);
			runOnlyForDeploymentPostprocessing = 0;
		};
		9CCA15442CA7B9DC00BC12ED /* Resources */ = {
			isa = PBXResourcesBuildPhase;
			buildActionMask = 2147483647;
			files = (
			);
			runOnlyForDeploymentPostprocessing = 0;
		};
		9CCA154E2CA7B9DC00BC12ED /* Resources */ = {
			isa = PBXResourcesBuildPhase;
			buildActionMask = 2147483647;
			files = (
			);
			runOnlyForDeploymentPostprocessing = 0;
		};
/* End PBXResourcesBuildPhase section */

/* Begin PBXSourcesBuildPhase section */
		9CCA15322CA7B9DA00BC12ED /* Sources */ = {
			isa = PBXSourcesBuildPhase;
			buildActionMask = 2147483647;
			files = (
				9CCA153C2CA7B9DA00BC12ED /* ContentView.swift in Sources */,
				9CD7DA312CAF10020077719B /* MovieDetailViewModel.swift in Sources */,
				9C97E2552CA983CE00BA4306 /* MovieViewModel.swift in Sources */,
				9CCA15722CA8616400BC12ED /* URLImage.swift in Sources */,
				9CD7DA2F2CAF0B120077719B /* MovieDetail.swift in Sources */,
				9CCA153A2CA7B9DA00BC12ED /* MovieAppApp.swift in Sources */,
				9CD7DA352CAF16520077719B /* MovieDetailView.swift in Sources */,
				9CCA15702CA8600800BC12ED /* ImageLoader.swift in Sources */,
				9CD7DA2B2CAD6F1C0077719B /* ViewModelBase.swift in Sources */,
				9CD7DA2D2CAD72A60077719B /* LodingView.swift in Sources */,
				9C97E2592CA986F900BA4306 /* MovieListView.swift in Sources */,
				9C97E2532CA9819500BA4306 /* URL+Extensions.swift in Sources */,
				9CCA15682CA7BAF900BC12ED /* HTTPClient.swift in Sources */,
				9CD7DA272CAD3ECE0077719B /* String+Extensions.swift in Sources */,
				9CD7DA332CAF15280077719B /* MovieDetailScreen.swift in Sources */,
				9CCA15652CA7BAAD00BC12ED /* Constants.swift in Sources */,
				9CD7DA292CAD6C210077719B /* FailedView.swift in Sources */,
				9C97E25B2CA989EB00BA4306 /* View+Extensions.swift in Sources */,
				9C97E2572CA9862700BA4306 /* MovieListScreen.swift in Sources */,
				9C97E24D2CA8652000BA4306 /* Rating.swift in Sources */,
				9C97E2502CA9760600BA4306 /* Model.swift in Sources */,
			);
			runOnlyForDeploymentPostprocessing = 0;
		};
		9CCA15422CA7B9DC00BC12ED /* Sources */ = {
			isa = PBXSourcesBuildPhase;
			buildActionMask = 2147483647;
			files = (
				9CCA154B2CA7B9DC00BC12ED /* MovieAppTests.swift in Sources */,
			);
			runOnlyForDeploymentPostprocessing = 0;
		};
		9CCA154C2CA7B9DC00BC12ED /* Sources */ = {
			isa = PBXSourcesBuildPhase;
			buildActionMask = 2147483647;
			files = (
				9CCA15572CA7B9DC00BC12ED /* MovieAppUITestsLaunchTests.swift in Sources */,
				9CCA15552CA7B9DC00BC12ED /* MovieAppUITests.swift in Sources */,
			);
			runOnlyForDeploymentPostprocessing = 0;
		};
/* End PBXSourcesBuildPhase section */

/* Begin PBXTargetDependency section */
		9CCA15482CA7B9DC00BC12ED /* PBXTargetDependency */ = {
			isa = PBXTargetDependency;
			target = 9CCA15352CA7B9DA00BC12ED /* MovieApp */;
			targetProxy = 9CCA15472CA7B9DC00BC12ED /* PBXContainerItemProxy */;
		};
		9CCA15522CA7B9DC00BC12ED /* PBXTargetDependency */ = {
			isa = PBXTargetDependency;
			target = 9CCA15352CA7B9DA00BC12ED /* MovieApp */;
			targetProxy = 9CCA15512CA7B9DC00BC12ED /* PBXContainerItemProxy */;
		};
/* End PBXTargetDependency section */

/* Begin XCBuildConfiguration section */
		9CCA15582CA7B9DC00BC12ED /* Debug */ = {
			isa = XCBuildConfiguration;
			buildSettings = {
				ALWAYS_SEARCH_USER_PATHS = NO;
				CLANG_ANALYZER_NONNULL = YES;
				CLANG_ANALYZER_NUMBER_OBJECT_CONVERSION = YES_AGGRESSIVE;
				CLANG_CXX_LANGUAGE_STANDARD = "gnu++20";
				CLANG_ENABLE_MODULES = YES;
				CLANG_ENABLE_OBJC_ARC = YES;
				CLANG_ENABLE_OBJC_WEAK = YES;
				CLANG_WARN_BLOCK_CAPTURE_AUTORELEASING = YES;
				CLANG_WARN_BOOL_CONVERSION = YES;
				CLANG_WARN_COMMA = YES;
				CLANG_WARN_CONSTANT_CONVERSION = YES;
				CLANG_WARN_DEPRECATED_OBJC_IMPLEMENTATIONS = YES;
				CLANG_WARN_DIRECT_OBJC_ISA_USAGE = YES_ERROR;
				CLANG_WARN_DOCUMENTATION_COMMENTS = YES;
				CLANG_WARN_EMPTY_BODY = YES;
				CLANG_WARN_ENUM_CONVERSION = YES;
				CLANG_WARN_INFINITE_RECURSION = YES;
				CLANG_WARN_INT_CONVERSION = YES;
				CLANG_WARN_NON_LITERAL_NULL_CONVERSION = YES;
				CLANG_WARN_OBJC_IMPLICIT_RETAIN_SELF = YES;
				CLANG_WARN_OBJC_LITERAL_CONVERSION = YES;
				CLANG_WARN_OBJC_ROOT_CLASS = YES_ERROR;
				CLANG_WARN_QUOTED_INCLUDE_IN_FRAMEWORK_HEADER = YES;
				CLANG_WARN_RANGE_LOOP_ANALYSIS = YES;
				CLANG_WARN_STRICT_PROTOTYPES = YES;
				CLANG_WARN_SUSPICIOUS_MOVE = YES;
				CLANG_WARN_UNGUARDED_AVAILABILITY = YES_AGGRESSIVE;
				CLANG_WARN_UNREACHABLE_CODE = YES;
				CLANG_WARN__DUPLICATE_METHOD_MATCH = YES;
				COPY_PHASE_STRIP = NO;
				DEBUG_INFORMATION_FORMAT = dwarf;
				ENABLE_STRICT_OBJC_MSGSEND = YES;
				ENABLE_TESTABILITY = YES;
				GCC_C_LANGUAGE_STANDARD = gnu11;
				GCC_DYNAMIC_NO_PIC = NO;
				GCC_NO_COMMON_BLOCKS = YES;
				GCC_OPTIMIZATION_LEVEL = 0;
				GCC_PREPROCESSOR_DEFINITIONS = (
					"DEBUG=1",
					"$(inherited)",
				);
				GCC_WARN_64_TO_32_BIT_CONVERSION = YES;
				GCC_WARN_ABOUT_RETURN_TYPE = YES_ERROR;
				GCC_WARN_UNDECLARED_SELECTOR = YES;
				GCC_WARN_UNINITIALIZED_AUTOS = YES_AGGRESSIVE;
				GCC_WARN_UNUSED_FUNCTION = YES;
				GCC_WARN_UNUSED_VARIABLE = YES;
				IPHONEOS_DEPLOYMENT_TARGET = 16.1;
				MTL_ENABLE_DEBUG_INFO = INCLUDE_SOURCE;
				MTL_FAST_MATH = YES;
				ONLY_ACTIVE_ARCH = YES;
				SDKROOT = iphoneos;
				SWIFT_ACTIVE_COMPILATION_CONDITIONS = DEBUG;
				SWIFT_OPTIMIZATION_LEVEL = "-Onone";
			};
			name = Debug;
		};
		9CCA15592CA7B9DC00BC12ED /* Release */ = {
			isa = XCBuildConfiguration;
			buildSettings = {
				ALWAYS_SEARCH_USER_PATHS = NO;
				CLANG_ANALYZER_NONNULL = YES;
				CLANG_ANALYZER_NUMBER_OBJECT_CONVERSION = YES_AGGRESSIVE;
				CLANG_CXX_LANGUAGE_STANDARD = "gnu++20";
				CLANG_ENABLE_MODULES = YES;
				CLANG_ENABLE_OBJC_ARC = YES;
				CLANG_ENABLE_OBJC_WEAK = YES;
				CLANG_WARN_BLOCK_CAPTURE_AUTORELEASING = YES;
				CLANG_WARN_BOOL_CONVERSION = YES;
				CLANG_WARN_COMMA = YES;
				CLANG_WARN_CONSTANT_CONVERSION = YES;
				CLANG_WARN_DEPRECATED_OBJC_IMPLEMENTATIONS = YES;
				CLANG_WARN_DIRECT_OBJC_ISA_USAGE = YES_ERROR;
				CLANG_WARN_DOCUMENTATION_COMMENTS = YES;
				CLANG_WARN_EMPTY_BODY = YES;
				CLANG_WARN_ENUM_CONVERSION = YES;
				CLANG_WARN_INFINITE_RECURSION = YES;
				CLANG_WARN_INT_CONVERSION = YES;
				CLANG_WARN_NON_LITERAL_NULL_CONVERSION = YES;
				CLANG_WARN_OBJC_IMPLICIT_RETAIN_SELF = YES;
				CLANG_WARN_OBJC_LITERAL_CONVERSION = YES;
				CLANG_WARN_OBJC_ROOT_CLASS = YES_ERROR;
				CLANG_WARN_QUOTED_INCLUDE_IN_FRAMEWORK_HEADER = YES;
				CLANG_WARN_RANGE_LOOP_ANALYSIS = YES;
				CLANG_WARN_STRICT_PROTOTYPES = YES;
				CLANG_WARN_SUSPICIOUS_MOVE = YES;
				CLANG_WARN_UNGUARDED_AVAILABILITY = YES_AGGRESSIVE;
				CLANG_WARN_UNREACHABLE_CODE = YES;
				CLANG_WARN__DUPLICATE_METHOD_MATCH = YES;
				COPY_PHASE_STRIP = NO;
				DEBUG_INFORMATION_FORMAT = "dwarf-with-dsym";
				ENABLE_NS_ASSERTIONS = NO;
				ENABLE_STRICT_OBJC_MSGSEND = YES;
				GCC_C_LANGUAGE_STANDARD = gnu11;
				GCC_NO_COMMON_BLOCKS = YES;
				GCC_WARN_64_TO_32_BIT_CONVERSION = YES;
				GCC_WARN_ABOUT_RETURN_TYPE = YES_ERROR;
				GCC_WARN_UNDECLARED_SELECTOR = YES;
				GCC_WARN_UNINITIALIZED_AUTOS = YES_AGGRESSIVE;
				GCC_WARN_UNUSED_FUNCTION = YES;
				GCC_WARN_UNUSED_VARIABLE = YES;
				IPHONEOS_DEPLOYMENT_TARGET = 16.1;
				MTL_ENABLE_DEBUG_INFO = NO;
				MTL_FAST_MATH = YES;
				SDKROOT = iphoneos;
				SWIFT_COMPILATION_MODE = wholemodule;
				SWIFT_OPTIMIZATION_LEVEL = "-O";
				VALIDATE_PRODUCT = YES;
			};
			name = Release;
		};
		9CCA155B2CA7B9DC00BC12ED /* Debug */ = {
			isa = XCBuildConfiguration;
			buildSettings = {
				ASSETCATALOG_COMPILER_APPICON_NAME = AppIcon;
				ASSETCATALOG_COMPILER_GLOBAL_ACCENT_COLOR_NAME = AccentColor;
				CODE_SIGN_STYLE = Automatic;
				CURRENT_PROJECT_VERSION = 1;
				DEVELOPMENT_ASSET_PATHS = "\"MovieApp/Preview Content\"";
				ENABLE_PREVIEWS = YES;
				GENERATE_INFOPLIST_FILE = YES;
				INFOPLIST_FILE = MovieApp/Info.plist;
				INFOPLIST_KEY_UIApplicationSceneManifest_Generation = YES;
				INFOPLIST_KEY_UIApplicationSupportsIndirectInputEvents = YES;
				INFOPLIST_KEY_UILaunchScreen_Generation = YES;
				INFOPLIST_KEY_UISupportedInterfaceOrientations_iPad = "UIInterfaceOrientationPortrait UIInterfaceOrientationPortraitUpsideDown UIInterfaceOrientationLandscapeLeft UIInterfaceOrientationLandscapeRight";
				INFOPLIST_KEY_UISupportedInterfaceOrientations_iPhone = "UIInterfaceOrientationPortrait UIInterfaceOrientationLandscapeLeft UIInterfaceOrientationLandscapeRight";
				LD_RUNPATH_SEARCH_PATHS = (
					"$(inherited)",
					"@executable_path/Frameworks",
				);
				MARKETING_VERSION = 1.0;
				PRODUCT_BUNDLE_IDENTIFIER = com.swift.MovieApp;
				PRODUCT_NAME = "$(TARGET_NAME)";
				SWIFT_EMIT_LOC_STRINGS = YES;
				SWIFT_VERSION = 5.0;
				TARGETED_DEVICE_FAMILY = "1,2";
			};
			name = Debug;
		};
		9CCA155C2CA7B9DC00BC12ED /* Release */ = {
			isa = XCBuildConfiguration;
			buildSettings = {
				ASSETCATALOG_COMPILER_APPICON_NAME = AppIcon;
				ASSETCATALOG_COMPILER_GLOBAL_ACCENT_COLOR_NAME = AccentColor;
				CODE_SIGN_STYLE = Automatic;
				CURRENT_PROJECT_VERSION = 1;
				DEVELOPMENT_ASSET_PATHS = "\"MovieApp/Preview Content\"";
				ENABLE_PREVIEWS = YES;
				GENERATE_INFOPLIST_FILE = YES;
				INFOPLIST_FILE = MovieApp/Info.plist;
				INFOPLIST_KEY_UIApplicationSceneManifest_Generation = YES;
				INFOPLIST_KEY_UIApplicationSupportsIndirectInputEvents = YES;
				INFOPLIST_KEY_UILaunchScreen_Generation = YES;
				INFOPLIST_KEY_UISupportedInterfaceOrientations_iPad = "UIInterfaceOrientationPortrait UIInterfaceOrientationPortraitUpsideDown UIInterfaceOrientationLandscapeLeft UIInterfaceOrientationLandscapeRight";
				INFOPLIST_KEY_UISupportedInterfaceOrientations_iPhone = "UIInterfaceOrientationPortrait UIInterfaceOrientationLandscapeLeft UIInterfaceOrientationLandscapeRight";
				LD_RUNPATH_SEARCH_PATHS = (
					"$(inherited)",
					"@executable_path/Frameworks",
				);
				MARKETING_VERSION = 1.0;
				PRODUCT_BUNDLE_IDENTIFIER = com.swift.MovieApp;
				PRODUCT_NAME = "$(TARGET_NAME)";
				SWIFT_EMIT_LOC_STRINGS = YES;
				SWIFT_VERSION = 5.0;
				TARGETED_DEVICE_FAMILY = "1,2";
			};
			name = Release;
		};
		9CCA155E2CA7B9DC00BC12ED /* Debug */ = {
			isa = XCBuildConfiguration;
			buildSettings = {
				ALWAYS_EMBED_SWIFT_STANDARD_LIBRARIES = YES;
				BUNDLE_LOADER = "$(TEST_HOST)";
				CODE_SIGN_STYLE = Automatic;
				CURRENT_PROJECT_VERSION = 1;
				GENERATE_INFOPLIST_FILE = YES;
				IPHONEOS_DEPLOYMENT_TARGET = 16.1;
				MARKETING_VERSION = 1.0;
				PRODUCT_BUNDLE_IDENTIFIER = com.swift.MovieAppTests;
				PRODUCT_NAME = "$(TARGET_NAME)";
				SWIFT_EMIT_LOC_STRINGS = NO;
				SWIFT_VERSION = 5.0;
				TARGETED_DEVICE_FAMILY = "1,2";
				TEST_HOST = "$(BUILT_PRODUCTS_DIR)/MovieApp.app/$(BUNDLE_EXECUTABLE_FOLDER_PATH)/MovieApp";
			};
			name = Debug;
		};
		9CCA155F2CA7B9DC00BC12ED /* Release */ = {
			isa = XCBuildConfiguration;
			buildSettings = {
				ALWAYS_EMBED_SWIFT_STANDARD_LIBRARIES = YES;
				BUNDLE_LOADER = "$(TEST_HOST)";
				CODE_SIGN_STYLE = Automatic;
				CURRENT_PROJECT_VERSION = 1;
				GENERATE_INFOPLIST_FILE = YES;
				IPHONEOS_DEPLOYMENT_TARGET = 16.1;
				MARKETING_VERSION = 1.0;
				PRODUCT_BUNDLE_IDENTIFIER = com.swift.MovieAppTests;
				PRODUCT_NAME = "$(TARGET_NAME)";
				SWIFT_EMIT_LOC_STRINGS = NO;
				SWIFT_VERSION = 5.0;
				TARGETED_DEVICE_FAMILY = "1,2";
				TEST_HOST = "$(BUILT_PRODUCTS_DIR)/MovieApp.app/$(BUNDLE_EXECUTABLE_FOLDER_PATH)/MovieApp";
			};
			name = Release;
		};
		9CCA15612CA7B9DC00BC12ED /* Debug */ = {
			isa = XCBuildConfiguration;
			buildSettings = {
				ALWAYS_EMBED_SWIFT_STANDARD_LIBRARIES = YES;
				CODE_SIGN_STYLE = Automatic;
				CURRENT_PROJECT_VERSION = 1;
				GENERATE_INFOPLIST_FILE = YES;
				MARKETING_VERSION = 1.0;
				PRODUCT_BUNDLE_IDENTIFIER = com.swift.MovieAppUITests;
				PRODUCT_NAME = "$(TARGET_NAME)";
				SWIFT_EMIT_LOC_STRINGS = NO;
				SWIFT_VERSION = 5.0;
				TARGETED_DEVICE_FAMILY = "1,2";
				TEST_TARGET_NAME = MovieApp;
			};
			name = Debug;
		};
		9CCA15622CA7B9DC00BC12ED /* Release */ = {
			isa = XCBuildConfiguration;
			buildSettings = {
				ALWAYS_EMBED_SWIFT_STANDARD_LIBRARIES = YES;
				CODE_SIGN_STYLE = Automatic;
				CURRENT_PROJECT_VERSION = 1;
				GENERATE_INFOPLIST_FILE = YES;
				MARKETING_VERSION = 1.0;
				PRODUCT_BUNDLE_IDENTIFIER = com.swift.MovieAppUITests;
				PRODUCT_NAME = "$(TARGET_NAME)";
				SWIFT_EMIT_LOC_STRINGS = NO;
				SWIFT_VERSION = 5.0;
				TARGETED_DEVICE_FAMILY = "1,2";
				TEST_TARGET_NAME = MovieApp;
			};
			name = Release;
		};
/* End XCBuildConfiguration section */

/* Begin XCConfigurationList section */
		9CCA15312CA7B9DA00BC12ED /* Build configuration list for PBXProject "MovieApp" */ = {
			isa = XCConfigurationList;
			buildConfigurations = (
				9CCA15582CA7B9DC00BC12ED /* Debug */,
				9CCA15592CA7B9DC00BC12ED /* Release */,
			);
			defaultConfigurationIsVisible = 0;
			defaultConfigurationName = Release;
		};
		9CCA155A2CA7B9DC00BC12ED /* Build configuration list for PBXNativeTarget "MovieApp" */ = {
			isa = XCConfigurationList;
			buildConfigurations = (
				9CCA155B2CA7B9DC00BC12ED /* Debug */,
				9CCA155C2CA7B9DC00BC12ED /* Release */,
			);
			defaultConfigurationIsVisible = 0;
			defaultConfigurationName = Release;
		};
		9CCA155D2CA7B9DC00BC12ED /* Build configuration list for PBXNativeTarget "MovieAppTests" */ = {
			isa = XCConfigurationList;
			buildConfigurations = (
				9CCA155E2CA7B9DC00BC12ED /* Debug */,
				9CCA155F2CA7B9DC00BC12ED /* Release */,
			);
			defaultConfigurationIsVisible = 0;
			defaultConfigurationName = Release;
		};
		9CCA15602CA7B9DC00BC12ED /* Build configuration list for PBXNativeTarget "MovieAppUITests" */ = {
			isa = XCConfigurationList;
			buildConfigurations = (
				9CCA15612CA7B9DC00BC12ED /* Debug */,
				9CCA15622CA7B9DC00BC12ED /* Release */,
			);
			defaultConfigurationIsVisible = 0;
			defaultConfigurationName = Release;
		};
/* End XCConfigurationList section */
	};
	rootObject = 9CCA152E2CA7B9DA00BC12ED /* Project object */;
}
